
Microsoft Visual Studio Solution File, Format Version 12.00
# Visual Studio Version 17
VisualStudioVersion = 17.3.32819.101
MinimumVisualStudioVersion = 10.0.40219.1
Project("{FAE04EC0-301F-11D3-BF4B-00C04F79EFBC}") = "Etickets", "Etickets\Etickets.csproj", "{FA94E585-018D-4C12-9473-FB8D421A1D50}"
EndProject
Global
	GlobalSection(SolutionConfigurationPlatforms) = preSolution
		Debug|Any CPU = Debug|Any CPU
		Release|Any CPU = Release|Any CPU
	EndGlobalSection
	GlobalSection(ProjectConfigurationPlatforms) = postSolution
		{FA94E585-018D-4C12-9473-FB8D421A1D50}.Debug|Any CPU.ActiveCfg = Debug|Any CPU
		{FA94E585-018D-4C12-9473-FB8D421A1D50}.Debug|Any CPU.Build.0 = Debug|Any CPU
		{FA94E585-018D-4C12-9473-FB8D421A1D50}.Release|Any CPU.ActiveCfg = Release|Any CPU
		{FA94E585-018D-4C12-9473-FB8D421A1D50}.Release|Any CPU.Build.0 = Release|Any CPU
	EndGlobalSection
	GlobalSection(SolutionProperties) = preSolution
		HideSolutionNode = FALSE
	EndGlobalSection
	GlobalSection(ExtensibilityGlobals) = postSolution
		SolutionGuid = {070AAAC9-7EC7-4B25-B4BC-1FC6B8F21574}
	EndGlobalSection
EndGlobal
